
Microsoft Visual Studio Solution File, Format Version 12.00
# Visual Studio Version 16
VisualStudioVersion = 16.0.29009.5
MinimumVisualStudioVersion = 10.0.40219.1
Project("{FAE04EC0-301F-11D3-BF4B-00C04F79EFBC}") = "WPFUI", "WPFUI\WPFUI.csproj", "{A430993C-29A2-47B3-98E7-398C9D5409E0}"
EndProject
Project("{FAE04EC0-301F-11D3-BF4B-00C04F79EFBC}") = "Engine", "Engine\Engine.csproj", "{11D8651E-4ABC-4702-9B97-DD8C85CD2DD0}"
EndProject
Project("{FAE04EC0-301F-11D3-BF4B-00C04F79EFBC}") = "TestEngine", "TestEngine\TestEngine.csproj", "{96C88E2B-B212-4885-8E2B-B239161E6058}"
EndProject
Global
	GlobalSection(SolutionConfigurationPlatforms) = preSolution
		Debug|Any CPU = Debug|Any CPU
		Release|Any CPU = Release|Any CPU
	EndGlobalSection
	GlobalSection(ProjectConfigurationPlatforms) = postSolution
		{A430993C-29A2-47B3-98E7-398C9D5409E0}.Debug|Any CPU.ActiveCfg = Debug|Any CPU
		{A430993C-29A2-47B3-98E7-398C9D5409E0}.Debug|Any CPU.Build.0 = Debug|Any CPU
		{A430993C-29A2-47B3-98E7-398C9D5409E0}.Release|Any CPU.ActiveCfg = Release|Any CPU
		{A430993C-29A2-47B3-98E7-398C9D5409E0}.Release|Any CPU.Build.0 = Release|Any CPU
		{11D8651E-4ABC-4702-9B97-DD8C85CD2DD0}.Debug|Any CPU.ActiveCfg = Debug|Any CPU
		{11D8651E-4ABC-4702-9B97-DD8C85CD2DD0}.Debug|Any CPU.Build.0 = Debug|Any CPU
		{11D8651E-4ABC-4702-9B97-DD8C85CD2DD0}.Release|Any CPU.ActiveCfg = Release|Any CPU
		{11D8651E-4ABC-4702-9B97-DD8C85CD2DD0}.Release|Any CPU.Build.0 = Release|Any CPU
		{96C88E2B-B212-4885-8E2B-B239161E6058}.Debug|Any CPU.ActiveCfg = Debug|Any CPU
		{96C88E2B-B212-4885-8E2B-B239161E6058}.Debug|Any CPU.Build.0 = Debug|Any CPU
		{96C88E2B-B212-4885-8E2B-B239161E6058}.Release|Any CPU.ActiveCfg = Release|Any CPU
		{96C88E2B-B212-4885-8E2B-B239161E6058}.Release|Any CPU.Build.0 = Release|Any CPU
	EndGlobalSection
	GlobalSection(SolutionProperties) = preSolution
		HideSolutionNode = FALSE
	EndGlobalSection
	GlobalSection(ExtensibilityGlobals) = postSolution
		SolutionGuid = {C0B2C9D6-B163-45CD-AE34-6F967C0E258B}
	EndGlobalSection
EndGlobal
